// !$*UTF8*$!
{
	archiveVersion = 1;
	classes = {
	};
	objectVersion = 50;
	objects = {

/* Begin PBXBuildFile section */
		2DF2D95C198776373CDAA67E /* Pods_ARKitVideoWebRTC002.framework in Frameworks */ = {isa = PBXBuildFile; fileRef = 6BD61AB98AC8FE1F8D90F2D4 /* Pods_ARKitVideoWebRTC002.framework */; };
		74A601302320305D003AA56C /* AppDelegate.swift in Sources */ = {isa = PBXBuildFile; fileRef = 74A6012F2320305D003AA56C /* AppDelegate.swift */; };
		74A601322320305D003AA56C /* art.scnassets in Resources */ = {isa = PBXBuildFile; fileRef = 74A601312320305D003AA56C /* art.scnassets */; };
		74A601342320305D003AA56C /* ViewController.swift in Sources */ = {isa = PBXBuildFile; fileRef = 74A601332320305D003AA56C /* ViewController.swift */; };
		74A601372320305D003AA56C /* Main.storyboard in Resources */ = {isa = PBXBuildFile; fileRef = 74A601352320305D003AA56C /* Main.storyboard */; };
		74A601392320305E003AA56C /* Assets.xcassets in Resources */ = {isa = PBXBuildFile; fileRef = 74A601382320305E003AA56C /* Assets.xcassets */; };
		74A6013C2320305E003AA56C /* LaunchScreen.storyboard in Resources */ = {isa = PBXBuildFile; fileRef = 74A6013A2320305E003AA56C /* LaunchScreen.storyboard */; };
		74A6014523203369003AA56C /* Shaders.metal in Sources */ = {isa = PBXBuildFile; fileRef = 74A6014323203369003AA56C /* Shaders.metal */; };
		74A6014623203369003AA56C /* Uitl.swift in Sources */ = {isa = PBXBuildFile; fileRef = 74A6014423203369003AA56C /* Uitl.swift */; };
/* End PBXBuildFile section */

/* Begin PBXFileReference section */
		6BD61AB98AC8FE1F8D90F2D4 /* Pods_ARKitVideoWebRTC002.framework */ = {isa = PBXFileReference; explicitFileType = wrapper.framework; includeInIndex = 0; path = Pods_ARKitVideoWebRTC002.framework; sourceTree = BUILT_PRODUCTS_DIR; };
		74A6012C2320305D003AA56C /* ARKitVideoWebRTC002.app */ = {isa = PBXFileReference; explicitFileType = wrapper.application; includeInIndex = 0; path = ARKitVideoWebRTC002.app; sourceTree = BUILT_PRODUCTS_DIR; };
		74A6012F2320305D003AA56C /* AppDelegate.swift */ = {isa = PBXFileReference; lastKnownFileType = sourcecode.swift; path = AppDelegate.swift; sourceTree = "<group>"; };
		74A601312320305D003AA56C /* art.scnassets */ = {isa = PBXFileReference; lastKnownFileType = wrapper.scnassets; path = art.scnassets; sourceTree = "<group>"; };
		74A601332320305D003AA56C /* ViewController.swift */ = {isa = PBXFileReference; lastKnownFileType = sourcecode.swift; path = ViewController.swift; sourceTree = "<group>"; };
		74A601362320305D003AA56C /* Base */ = {isa = PBXFileReference; lastKnownFileType = file.storyboard; name = Base; path = Base.lproj/Main.storyboard; sourceTree = "<group>"; };
		74A601382320305E003AA56C /* Assets.xcassets */ = {isa = PBXFileReference; lastKnownFileType = folder.assetcatalog; path = Assets.xcassets; sourceTree = "<group>"; };
		74A6013B2320305E003AA56C /* Base */ = {isa = PBXFileReference; lastKnownFileType = file.storyboard; name = Base; path = Base.lproj/LaunchScreen.storyboard; sourceTree = "<group>"; };
		74A6013D2320305E003AA56C /* Info.plist */ = {isa = PBXFileReference; lastKnownFileType = text.plist.xml; path = Info.plist; sourceTree = "<group>"; };
		74A6014323203369003AA56C /* Shaders.metal */ = {isa = PBXFileReference; fileEncoding = 4; lastKnownFileType = sourcecode.metal; path = Shaders.metal; sourceTree = "<group>"; };
		74A6014423203369003AA56C /* Uitl.swift */ = {isa = PBXFileReference; fileEncoding = 4; lastKnownFileType = sourcecode.swift; path = Uitl.swift; sourceTree = "<group>"; };
		9E9BE9EC30F4DDB200AA94FF /* Pods-ARKitVideoWebRTC002.release.xcconfig */ = {isa = PBXFileReference; includeInIndex = 1; lastKnownFileType = text.xcconfig; name = "Pods-ARKitVideoWebRTC002.release.xcconfig"; path = "Target Support Files/Pods-ARKitVideoWebRTC002/Pods-ARKitVideoWebRTC002.release.xcconfig"; sourceTree = "<group>"; };
		B859C41EC578D10FD01647F9 /* Pods-ARKitVideoWebRTC002.debug.xcconfig */ = {isa = PBXFileReference; includeInIndex = 1; lastKnownFileType = text.xcconfig; name = "Pods-ARKitVideoWebRTC002.debug.xcconfig"; path = "Target Support Files/Pods-ARKitVideoWebRTC002/Pods-ARKitVideoWebRTC002.debug.xcconfig"; sourceTree = "<group>"; };
/* End PBXFileReference section */

/* Begin PBXFrameworksBuildPhase section */
		74A601292320305D003AA56C /* Frameworks */ = {
			isa = PBXFrameworksBuildPhase;
			buildActionMask = 2147483647;
			files = (
				2DF2D95C198776373CDAA67E /* Pods_ARKitVideoWebRTC002.framework in Frameworks */,
			);
			runOnlyForDeploymentPostprocessing = 0;
		};
/* End PBXFrameworksBuildPhase section */

/* Begin PBXGroup section */
		74A601232320305D003AA56C = {
			isa = PBXGroup;
			children = (
				74A6012E2320305D003AA56C /* ARKitVideoWebRTC002 */,
				74A6012D2320305D003AA56C /* Products */,
				F20365E772B6490EA61001F0 /* Pods */,
				CC894AC1F3B4C5D36F3939FF /* Frameworks */,
			);
			sourceTree = "<group>";
		};
		74A6012D2320305D003AA56C /* Products */ = {
			isa = PBXGroup;
			children = (
				74A6012C2320305D003AA56C /* ARKitVideoWebRTC002.app */,
			);
			name = Products;
			sourceTree = "<group>";
		};
		74A6012E2320305D003AA56C /* ARKitVideoWebRTC002 */ = {
			isa = PBXGroup;
			children = (
				74A6014323203369003AA56C /* Shaders.metal */,
				74A6014423203369003AA56C /* Uitl.swift */,
				74A6012F2320305D003AA56C /* AppDelegate.swift */,
				74A601312320305D003AA56C /* art.scnassets */,
				74A601332320305D003AA56C /* ViewController.swift */,
				74A601352320305D003AA56C /* Main.storyboard */,
				74A601382320305E003AA56C /* Assets.xcassets */,
				74A6013A2320305E003AA56C /* LaunchScreen.storyboard */,
				74A6013D2320305E003AA56C /* Info.plist */,
			);
			path = ARKitVideoWebRTC002;
			sourceTree = "<group>";
		};
		CC894AC1F3B4C5D36F3939FF /* Frameworks */ = {
			isa = PBXGroup;
			children = (
				6BD61AB98AC8FE1F8D90F2D4 /* Pods_ARKitVideoWebRTC002.framework */,
			);
			name = Frameworks;
			sourceTree = "<group>";
		};
		F20365E772B6490EA61001F0 /* Pods */ = {
			isa = PBXGroup;
			children = (
				B859C41EC578D10FD01647F9 /* Pods-ARKitVideoWebRTC002.debug.xcconfig */,
				9E9BE9EC30F4DDB200AA94FF /* Pods-ARKitVideoWebRTC002.release.xcconfig */,
			);
			path = Pods;
			sourceTree = "<group>";
		};
/* End PBXGroup section */

/* Begin PBXNativeTarget section */
		74A6012B2320305D003AA56C /* ARKitVideoWebRTC002 */ = {
			isa = PBXNativeTarget;
			buildConfigurationList = 74A601402320305E003AA56C /* Build configuration list for PBXNativeTarget "ARKitVideoWebRTC002" */;
			buildPhases = (
				835F7EDC275332D2445E3AA8 /* [CP] Check Pods Manifest.lock */,
				74A601282320305D003AA56C /* Sources */,
				74A601292320305D003AA56C /* Frameworks */,
				74A6012A2320305D003AA56C /* Resources */,
				357D6EAD01B48A266AE60467 /* [CP] Embed Pods Frameworks */,
			);
			buildRules = (
			);
			dependencies = (
			);
			name = ARKitVideoWebRTC002;
			productName = ARKitVideoWebRTC002;
			productReference = 74A6012C2320305D003AA56C /* ARKitVideoWebRTC002.app */;
			productType = "com.apple.product-type.application";
		};
/* End PBXNativeTarget section */

/* Begin PBXProject section */
		74A601242320305D003AA56C /* Project object */ = {
			isa = PBXProject;
			attributes = {
				LastSwiftUpdateCheck = 1020;
				LastUpgradeCheck = 1020;
				ORGANIZATIONNAME = SHMD;
				TargetAttributes = {
					74A6012B2320305D003AA56C = {
						CreatedOnToolsVersion = 10.2.1;
					};
				};
			};
			buildConfigurationList = 74A601272320305D003AA56C /* Build configuration list for PBXProject "ARKitVideoWebRTC002" */;
			compatibilityVersion = "Xcode 9.3";
			developmentRegion = en;
			hasScannedForEncodings = 0;
			knownRegions = (
				en,
				Base,
			);
			mainGroup = 74A601232320305D003AA56C;
			productRefGroup = 74A6012D2320305D003AA56C /* Products */;
			projectDirPath = "";
			projectRoot = "";
			targets = (
				74A6012B2320305D003AA56C /* ARKitVideoWebRTC002 */,
			);
		};
/* End PBXProject section */

/* Begin PBXResourcesBuildPhase section */
		74A6012A2320305D003AA56C /* Resources */ = {
			isa = PBXResourcesBuildPhase;
			buildActionMask = 2147483647;
			files = (
				74A601322320305D003AA56C /* art.scnassets in Resources */,
				74A6013C2320305E003AA56C /* LaunchScreen.storyboard in Resources */,
				74A601392320305E003AA56C /* Assets.xcassets in Resources */,
				74A601372320305D003AA56C /* Main.storyboard in Resources */,
			);
			runOnlyForDeploymentPostprocessing = 0;
		};
/* End PBXResourcesBuildPhase section */

/* Begin PBXShellScriptBuildPhase section */
		357D6EAD01B48A266AE60467 /* [CP] Embed Pods Frameworks */ = {
			isa = PBXShellScriptBuildPhase;
			buildActionMask = 2147483647;
			files = (
			);
			inputFileListPaths = (
			);
			inputPaths = (
				"${PODS_ROOT}/Target Support Files/Pods-ARKitVideoWebRTC002/Pods-ARKitVideoWebRTC002-frameworks.sh",
				"${PODS_ROOT}/SkyWay/SkyWay.framework",
			);
			name = "[CP] Embed Pods Frameworks";
			outputFileListPaths = (
			);
			outputPaths = (
				"${TARGET_BUILD_DIR}/${FRAMEWORKS_FOLDER_PATH}/SkyWay.framework",
			);
			runOnlyForDeploymentPostprocessing = 0;
			shellPath = /bin/sh;
			shellScript = "\"${PODS_ROOT}/Target Support Files/Pods-ARKitVideoWebRTC002/Pods-ARKitVideoWebRTC002-frameworks.sh\"\n";
			showEnvVarsInLog = 0;
		};
		835F7EDC275332D2445E3AA8 /* [CP] Check Pods Manifest.lock */ = {
			isa = PBXShellScriptBuildPhase;
			buildActionMask = 2147483647;
			files = (
			);
			inputFileListPaths = (
			);
			inputPaths = (
				"${PODS_PODFILE_DIR_PATH}/Podfile.lock",
				"${PODS_ROOT}/Manifest.lock",
			);
			name = "[CP] Check Pods Manifest.lock";
			outputFileListPaths = (
			);
			outputPaths = (
				"$(DERIVED_FILE_DIR)/Pods-ARKitVideoWebRTC002-checkManifestLockResult.txt",
			);
			runOnlyForDeploymentPostprocessing = 0;
			shellPath = /bin/sh;
			shellScript = "diff \"${PODS_PODFILE_DIR_PATH}/Podfile.lock\" \"${PODS_ROOT}/Manifest.lock\" > /dev/null\nif [ $? != 0 ] ; then\n    # print error to STDERR\n    echo \"error: The sandbox is not in sync with the Podfile.lock. Run 'pod install' or update your CocoaPods installation.\" >&2\n    exit 1\nfi\n# This output is used by Xcode 'outputs' to avoid re-running this script phase.\necho \"SUCCESS\" > \"${SCRIPT_OUTPUT_FILE_0}\"\n";
			showEnvVarsInLog = 0;
		};
/* End PBXShellScriptBuildPhase section */

/* Begin PBXSourcesBuildPhase section */
		74A601282320305D003AA56C /* Sources */ = {
			isa = PBXSourcesBuildPhase;
			buildActionMask = 2147483647;
			files = (
				74A6014523203369003AA56C /* Shaders.metal in Sources */,
				74A601342320305D003AA56C /* ViewController.swift in Sources */,
				74A601302320305D003AA56C /* AppDelegate.swift in Sources */,
				74A6014623203369003AA56C /* Uitl.swift in Sources */,
			);
			runOnlyForDeploymentPostprocessing = 0;
		};
/* End PBXSourcesBuildPhase section */

/* Begin PBXVariantGroup section */
		74A601352320305D003AA56C /* Main.storyboard */ = {
			isa = PBXVariantGroup;
			children = (
				74A601362320305D003AA56C /* Base */,
			);
			name = Main.storyboard;
			sourceTree = "<group>";
		};
		74A6013A2320305E003AA56C /* LaunchScreen.storyboard */ = {
			isa = PBXVariantGroup;
			children = (
				74A6013B2320305E003AA56C /* Base */,
			);
			name = LaunchScreen.storyboard;
			sourceTree = "<group>";
		};
/* End PBXVariantGroup section */

/* Begin XCBuildConfiguration section */
		74A6013E2320305E003AA56C /* Debug */ = {
			isa = XCBuildConfiguration;
			buildSettings = {
				ALWAYS_SEARCH_USER_PATHS = NO;
				CLANG_ANALYZER_NONNULL = YES;
				CLANG_ANALYZER_NUMBER_OBJECT_CONVERSION = YES_AGGRESSIVE;
				CLANG_CXX_LANGUAGE_STANDARD = "gnu++14";
				CLANG_CXX_LIBRARY = "libc++";
				CLANG_ENABLE_MODULES = YES;
				CLANG_ENABLE_OBJC_ARC = YES;
				CLANG_ENABLE_OBJC_WEAK = YES;
				CLANG_WARN_BLOCK_CAPTURE_AUTORELEASING = YES;
				CLANG_WARN_BOOL_CONVERSION = YES;
				CLANG_WARN_COMMA = YES;
				CLANG_WARN_CONSTANT_CONVERSION = YES;
				CLANG_WARN_DEPRECATED_OBJC_IMPLEMENTATIONS = YES;
				CLANG_WARN_DIRECT_OBJC_ISA_USAGE = YES_ERROR;
				CLANG_WARN_DOCUMENTATION_COMMENTS = YES;
				CLANG_WARN_EMPTY_BODY = YES;
				CLANG_WARN_ENUM_CONVERSION = YES;
				CLANG_WARN_INFINITE_RECURSION = YES;
				CLANG_WARN_INT_CONVERSION = YES;
				CLANG_WARN_NON_LITERAL_NULL_CONVERSION = YES;
				CLANG_WARN_OBJC_IMPLICIT_RETAIN_SELF = YES;
				CLANG_WARN_OBJC_LITERAL_CONVERSION = YES;
				CLANG_WARN_OBJC_ROOT_CLASS = YES_ERROR;
				CLANG_WARN_RANGE_LOOP_ANALYSIS = YES;
				CLANG_WARN_STRICT_PROTOTYPES = YES;
				CLANG_WARN_SUSPICIOUS_MOVE = YES;
				CLANG_WARN_UNGUARDED_AVAILABILITY = YES_AGGRESSIVE;
				CLANG_WARN_UNREACHABLE_CODE = YES;
				CLANG_WARN__DUPLICATE_METHOD_MATCH = YES;
				CODE_SIGN_IDENTITY = "iPhone Developer";
				COPY_PHASE_STRIP = NO;
				DEBUG_INFORMATION_FORMAT = dwarf;
				ENABLE_STRICT_OBJC_MSGSEND = YES;
				ENABLE_TESTABILITY = YES;
				GCC_C_LANGUAGE_STANDARD = gnu11;
				GCC_DYNAMIC_NO_PIC = NO;
				GCC_NO_COMMON_BLOCKS = YES;
				GCC_OPTIMIZATION_LEVEL = 0;
				GCC_PREPROCESSOR_DEFINITIONS = (
					"DEBUG=1",
					"$(inherited)",
				);
				GCC_WARN_64_TO_32_BIT_CONVERSION = YES;
				GCC_WARN_ABOUT_RETURN_TYPE = YES_ERROR;
				GCC_WARN_UNDECLARED_SELECTOR = YES;
				GCC_WARN_UNINITIALIZED_AUTOS = YES_AGGRESSIVE;
				GCC_WARN_UNUSED_FUNCTION = YES;
				GCC_WARN_UNUSED_VARIABLE = YES;
				IPHONEOS_DEPLOYMENT_TARGET = 12.2;
				MTL_ENABLE_DEBUG_INFO = INCLUDE_SOURCE;
				MTL_FAST_MATH = YES;
				ONLY_ACTIVE_ARCH = YES;
				SDKROOT = iphoneos;
				SWIFT_ACTIVE_COMPILATION_CONDITIONS = DEBUG;
				SWIFT_OPTIMIZATION_LEVEL = "-Onone";
			};
			name = Debug;
		};
		74A6013F2320305E003AA56C /* Release */ = {
			isa = XCBuildConfiguration;
			buildSettings = {
				ALWAYS_SEARCH_USER_PATHS = NO;
				CLANG_ANALYZER_NONNULL = YES;
				CLANG_ANALYZER_NUMBER_OBJECT_CONVERSION = YES_AGGRESSIVE;
				CLANG_CXX_LANGUAGE_STANDARD = "gnu++14";
				CLANG_CXX_LIBRARY = "libc++";
				CLANG_ENABLE_MODULES = YES;
				CLANG_ENABLE_OBJC_ARC = YES;
				CLANG_ENABLE_OBJC_WEAK = YES;
				CLANG_WARN_BLOCK_CAPTURE_AUTORELEASING = YES;
				CLANG_WARN_BOOL_CONVERSION = YES;
				CLANG_WARN_COMMA = YES;
				CLANG_WARN_CONSTANT_CONVERSION = YES;
				CLANG_WARN_DEPRECATED_OBJC_IMPLEMENTATIONS = YES;
				CLANG_WARN_DIRECT_OBJC_ISA_USAGE = YES_ERROR;
				CLANG_WARN_DOCUMENTATION_COMMENTS = YES;
				CLANG_WARN_EMPTY_BODY = YES;
				CLANG_WARN_ENUM_CONVERSION = YES;
				CLANG_WARN_INFINITE_RECURSION = YES;
				CLANG_WARN_INT_CONVERSION = YES;
				CLANG_WARN_NON_LITERAL_NULL_CONVERSION = YES;
				CLANG_WARN_OBJC_IMPLICIT_RETAIN_SELF = YES;
				CLANG_WARN_OBJC_LITERAL_CONVERSION = YES;
				CLANG_WARN_OBJC_ROOT_CLASS = YES_ERROR;
				CLANG_WARN_RANGE_LOOP_ANALYSIS = YES;
				CLANG_WARN_STRICT_PROTOTYPES = YES;
				CLANG_WARN_SUSPICIOUS_MOVE = YES;
				CLANG_WARN_UNGUARDED_AVAILABILITY = YES_AGGRESSIVE;
				CLANG_WARN_UNREACHABLE_CODE = YES;
				CLANG_WARN__DUPLICATE_METHOD_MATCH = YES;
				CODE_SIGN_IDENTITY = "iPhone Developer";
				COPY_PHASE_STRIP = NO;
				DEBUG_INFORMATION_FORMAT = "dwarf-with-dsym";
				ENABLE_NS_ASSERTIONS = NO;
				ENABLE_STRICT_OBJC_MSGSEND = YES;
				GCC_C_LANGUAGE_STANDARD = gnu11;
				GCC_NO_COMMON_BLOCKS = YES;
				GCC_WARN_64_TO_32_BIT_CONVERSION = YES;
				GCC_WARN_ABOUT_RETURN_TYPE = YES_ERROR;
				GCC_WARN_UNDECLARED_SELECTOR = YES;
				GCC_WARN_UNINITIALIZED_AUTOS = YES_AGGRESSIVE;
				GCC_WARN_UNUSED_FUNCTION = YES;
				GCC_WARN_UNUSED_VARIABLE = YES;
				IPHONEOS_DEPLOYMENT_TARGET = 12.2;
				MTL_ENABLE_DEBUG_INFO = NO;
				MTL_FAST_MATH = YES;
				SDKROOT = iphoneos;
				SWIFT_COMPILATION_MODE = wholemodule;
				SWIFT_OPTIMIZATION_LEVEL = "-O";
				VALIDATE_PRODUCT = YES;
			};
			name = Release;
		};
		74A601412320305E003AA56C /* Debug */ = {
			isa = XCBuildConfiguration;
			baseConfigurationReference = B859C41EC578D10FD01647F9 /* Pods-ARKitVideoWebRTC002.debug.xcconfig */;
			buildSettings = {
				ASSETCATALOG_COMPILER_APPICON_NAME = AppIcon;
				CODE_SIGN_STYLE = Automatic;
				DEVELOPMENT_TEAM = 247V527KAQ;
				INFOPLIST_FILE = ARKitVideoWebRTC002/Info.plist;
				LD_RUNPATH_SEARCH_PATHS = (
					"$(inherited)",
					"@executable_path/Frameworks",
				);
				PRODUCT_BUNDLE_IDENTIFIER = tokyo.shmdevelopment.ARKitVideoWebRTC002;
				PRODUCT_NAME = "$(TARGET_NAME)";
				SWIFT_VERSION = 5.0;
				TARGETED_DEVICE_FAMILY = "1,2";
			};
			name = Debug;
		};
		74A601422320305E003AA56C /* Release */ = {
			isa = XCBuildConfiguration;
			baseConfigurationReference = 9E9BE9EC30F4DDB200AA94FF /* Pods-ARKitVideoWebRTC002.release.xcconfig */;
			buildSettings = {
				ASSETCATALOG_COMPILER_APPICON_NAME = AppIcon;
				CODE_SIGN_STYLE = Automatic;
				DEVELOPMENT_TEAM = 247V527KAQ;
				INFOPLIST_FILE = ARKitVideoWebRTC002/Info.plist;
				LD_RUNPATH_SEARCH_PATHS = (
					"$(inherited)",
					"@executable_path/Frameworks",
				);
				PRODUCT_BUNDLE_IDENTIFIER = tokyo.shmdevelopment.ARKitVideoWebRTC002;
				PRODUCT_NAME = "$(TARGET_NAME)";
				SWIFT_VERSION = 5.0;
				TARGETED_DEVICE_FAMILY = "1,2";
			};
			name = Release;
		};
/* End XCBuildConfiguration section */

/* Begin XCConfigurationList section */
		74A601272320305D003AA56C /* Build configuration list for PBXProject "ARKitVideoWebRTC002" */ = {
			isa = XCConfigurationList;
			buildConfigurations = (
				74A6013E2320305E003AA56C /* Debug */,
				74A6013F2320305E003AA56C /* Release */,
			);
			defaultConfigurationIsVisible = 0;
			defaultConfigurationName = Release;
		};
		74A601402320305E003AA56C /* Build configuration list for PBXNativeTarget "ARKitVideoWebRTC002" */ = {
			isa = XCConfigurationList;
			buildConfigurations = (
				74A601412320305E003AA56C /* Debug */,
				74A601422320305E003AA56C /* Release */,
			);
			defaultConfigurationIsVisible = 0;
			defaultConfigurationName = Release;
		};
/* End XCConfigurationList section */
	};
	rootObject = 74A601242320305D003AA56C /* Project object */;
}
