// !$*UTF8*$!
{
	archiveVersion = 1;
	classes = {
	};
	objectVersion = 50;
	objects = {

/* Begin PBXBuildFile section */
		7456650B22218B6F003EBEDC /* AppDelegate.swift in Sources */ = {isa = PBXBuildFile; fileRef = 7456650A22218B6F003EBEDC /* AppDelegate.swift */; };
		7456650D22218B6F003EBEDC /* ViewController.swift in Sources */ = {isa = PBXBuildFile; fileRef = 7456650C22218B6F003EBEDC /* ViewController.swift */; };
		7456651022218B6F003EBEDC /* Main.storyboard in Resources */ = {isa = PBXBuildFile; fileRef = 7456650E22218B6F003EBEDC /* Main.storyboard */; };
		7456651222218B72003EBEDC /* Assets.xcassets in Resources */ = {isa = PBXBuildFile; fileRef = 7456651122218B72003EBEDC /* Assets.xcassets */; };
		7456651522218B72003EBEDC /* LaunchScreen.storyboard in Resources */ = {isa = PBXBuildFile; fileRef = 7456651322218B72003EBEDC /* LaunchScreen.storyboard */; };
		7456651D2222738F003EBEDC /* ChromaKeyFilterFactory.swift in Sources */ = {isa = PBXBuildFile; fileRef = 7456651C2222738F003EBEDC /* ChromaKeyFilterFactory.swift */; };
/* End PBXBuildFile section */

/* Begin PBXFileReference section */
		7456650722218B6F003EBEDC /* ChromaKey002.app */ = {isa = PBXFileReference; explicitFileType = wrapper.application; includeInIndex = 0; path = ChromaKey002.app; sourceTree = BUILT_PRODUCTS_DIR; };
		7456650A22218B6F003EBEDC /* AppDelegate.swift */ = {isa = PBXFileReference; lastKnownFileType = sourcecode.swift; path = AppDelegate.swift; sourceTree = "<group>"; };
		7456650C22218B6F003EBEDC /* ViewController.swift */ = {isa = PBXFileReference; lastKnownFileType = sourcecode.swift; path = ViewController.swift; sourceTree = "<group>"; };
		7456650F22218B6F003EBEDC /* Base */ = {isa = PBXFileReference; lastKnownFileType = file.storyboard; name = Base; path = Base.lproj/Main.storyboard; sourceTree = "<group>"; };
		7456651122218B72003EBEDC /* Assets.xcassets */ = {isa = PBXFileReference; lastKnownFileType = folder.assetcatalog; path = Assets.xcassets; sourceTree = "<group>"; };
		7456651422218B72003EBEDC /* Base */ = {isa = PBXFileReference; lastKnownFileType = file.storyboard; name = Base; path = Base.lproj/LaunchScreen.storyboard; sourceTree = "<group>"; };
		7456651622218B72003EBEDC /* Info.plist */ = {isa = PBXFileReference; lastKnownFileType = text.plist.xml; path = Info.plist; sourceTree = "<group>"; };
		7456651C2222738F003EBEDC /* ChromaKeyFilterFactory.swift */ = {isa = PBXFileReference; lastKnownFileType = sourcecode.swift; path = ChromaKeyFilterFactory.swift; sourceTree = "<group>"; };
/* End PBXFileReference section */

/* Begin PBXFrameworksBuildPhase section */
		7456650422218B6F003EBEDC /* Frameworks */ = {
			isa = PBXFrameworksBuildPhase;
			buildActionMask = 2147483647;
			files = (
			);
			runOnlyForDeploymentPostprocessing = 0;
		};
/* End PBXFrameworksBuildPhase section */

/* Begin PBXGroup section */
		745664FE22218B6F003EBEDC = {
			isa = PBXGroup;
			children = (
				7456650922218B6F003EBEDC /* ChromaKey002 */,
				7456650822218B6F003EBEDC /* Products */,
			);
			sourceTree = "<group>";
		};
		7456650822218B6F003EBEDC /* Products */ = {
			isa = PBXGroup;
			children = (
				7456650722218B6F003EBEDC /* ChromaKey002.app */,
			);
			name = Products;
			sourceTree = "<group>";
		};
		7456650922218B6F003EBEDC /* ChromaKey002 */ = {
			isa = PBXGroup;
			children = (
				7456650A22218B6F003EBEDC /* AppDelegate.swift */,
				7456650C22218B6F003EBEDC /* ViewController.swift */,
				7456650E22218B6F003EBEDC /* Main.storyboard */,
				7456651122218B72003EBEDC /* Assets.xcassets */,
				7456651322218B72003EBEDC /* LaunchScreen.storyboard */,
				7456651622218B72003EBEDC /* Info.plist */,
				7456651C2222738F003EBEDC /* ChromaKeyFilterFactory.swift */,
			);
			path = ChromaKey002;
			sourceTree = "<group>";
		};
/* End PBXGroup section */

/* Begin PBXNativeTarget section */
		7456650622218B6F003EBEDC /* ChromaKey002 */ = {
			isa = PBXNativeTarget;
			buildConfigurationList = 7456651922218B72003EBEDC /* Build configuration list for PBXNativeTarget "ChromaKey002" */;
			buildPhases = (
				7456650322218B6F003EBEDC /* Sources */,
				7456650422218B6F003EBEDC /* Frameworks */,
				7456650522218B6F003EBEDC /* Resources */,
			);
			buildRules = (
			);
			dependencies = (
			);
			name = ChromaKey002;
			productName = ChromaKey002;
			productReference = 7456650722218B6F003EBEDC /* ChromaKey002.app */;
			productType = "com.apple.product-type.application";
		};
/* End PBXNativeTarget section */

/* Begin PBXProject section */
		745664FF22218B6F003EBEDC /* Project object */ = {
			isa = PBXProject;
			attributes = {
				LastSwiftUpdateCheck = 1010;
				LastUpgradeCheck = 1010;
				ORGANIZATIONNAME = SHMD;
				TargetAttributes = {
					7456650622218B6F003EBEDC = {
						CreatedOnToolsVersion = 10.1;
					};
				};
			};
			buildConfigurationList = 7456650222218B6F003EBEDC /* Build configuration list for PBXProject "ChromaKey002" */;
			compatibilityVersion = "Xcode 9.3";
			developmentRegion = en;
			hasScannedForEncodings = 0;
			knownRegions = (
				en,
				Base,
			);
			mainGroup = 745664FE22218B6F003EBEDC;
			productRefGroup = 7456650822218B6F003EBEDC /* Products */;
			projectDirPath = "";
			projectRoot = "";
			targets = (
				7456650622218B6F003EBEDC /* ChromaKey002 */,
			);
		};
/* End PBXProject section */

/* Begin PBXResourcesBuildPhase section */
		7456650522218B6F003EBEDC /* Resources */ = {
			isa = PBXResourcesBuildPhase;
			buildActionMask = 2147483647;
			files = (
				7456651522218B72003EBEDC /* LaunchScreen.storyboard in Resources */,
				7456651222218B72003EBEDC /* Assets.xcassets in Resources */,
				7456651022218B6F003EBEDC /* Main.storyboard in Resources */,
			);
			runOnlyForDeploymentPostprocessing = 0;
		};
/* End PBXResourcesBuildPhase section */

/* Begin PBXSourcesBuildPhase section */
		7456650322218B6F003EBEDC /* Sources */ = {
			isa = PBXSourcesBuildPhase;
			buildActionMask = 2147483647;
			files = (
				7456650D22218B6F003EBEDC /* ViewController.swift in Sources */,
				7456651D2222738F003EBEDC /* ChromaKeyFilterFactory.swift in Sources */,
				7456650B22218B6F003EBEDC /* AppDelegate.swift in Sources */,
			);
			runOnlyForDeploymentPostprocessing = 0;
		};
/* End PBXSourcesBuildPhase section */

/* Begin PBXVariantGroup section */
		7456650E22218B6F003EBEDC /* Main.storyboard */ = {
			isa = PBXVariantGroup;
			children = (
				7456650F22218B6F003EBEDC /* Base */,
			);
			name = Main.storyboard;
			sourceTree = "<group>";
		};
		7456651322218B72003EBEDC /* LaunchScreen.storyboard */ = {
			isa = PBXVariantGroup;
			children = (
				7456651422218B72003EBEDC /* Base */,
			);
			name = LaunchScreen.storyboard;
			sourceTree = "<group>";
		};
/* End PBXVariantGroup section */

/* Begin XCBuildConfiguration section */
		7456651722218B72003EBEDC /* Debug */ = {
			isa = XCBuildConfiguration;
			buildSettings = {
				ALWAYS_SEARCH_USER_PATHS = NO;
				CLANG_ANALYZER_NONNULL = YES;
				CLANG_ANALYZER_NUMBER_OBJECT_CONVERSION = YES_AGGRESSIVE;
				CLANG_CXX_LANGUAGE_STANDARD = "gnu++14";
				CLANG_CXX_LIBRARY = "libc++";
				CLANG_ENABLE_MODULES = YES;
				CLANG_ENABLE_OBJC_ARC = YES;
				CLANG_ENABLE_OBJC_WEAK = YES;
				CLANG_WARN_BLOCK_CAPTURE_AUTORELEASING = YES;
				CLANG_WARN_BOOL_CONVERSION = YES;
				CLANG_WARN_COMMA = YES;
				CLANG_WARN_CONSTANT_CONVERSION = YES;
				CLANG_WARN_DEPRECATED_OBJC_IMPLEMENTATIONS = YES;
				CLANG_WARN_DIRECT_OBJC_ISA_USAGE = YES_ERROR;
				CLANG_WARN_DOCUMENTATION_COMMENTS = YES;
				CLANG_WARN_EMPTY_BODY = YES;
				CLANG_WARN_ENUM_CONVERSION = YES;
				CLANG_WARN_INFINITE_RECURSION = YES;
				CLANG_WARN_INT_CONVERSION = YES;
				CLANG_WARN_NON_LITERAL_NULL_CONVERSION = YES;
				CLANG_WARN_OBJC_IMPLICIT_RETAIN_SELF = YES;
				CLANG_WARN_OBJC_LITERAL_CONVERSION = YES;
				CLANG_WARN_OBJC_ROOT_CLASS = YES_ERROR;
				CLANG_WARN_RANGE_LOOP_ANALYSIS = YES;
				CLANG_WARN_STRICT_PROTOTYPES = YES;
				CLANG_WARN_SUSPICIOUS_MOVE = YES;
				CLANG_WARN_UNGUARDED_AVAILABILITY = YES_AGGRESSIVE;
				CLANG_WARN_UNREACHABLE_CODE = YES;
				CLANG_WARN__DUPLICATE_METHOD_MATCH = YES;
				CODE_SIGN_IDENTITY = "iPhone Developer";
				COPY_PHASE_STRIP = NO;
				DEBUG_INFORMATION_FORMAT = dwarf;
				ENABLE_STRICT_OBJC_MSGSEND = YES;
				ENABLE_TESTABILITY = YES;
				GCC_C_LANGUAGE_STANDARD = gnu11;
				GCC_DYNAMIC_NO_PIC = NO;
				GCC_NO_COMMON_BLOCKS = YES;
				GCC_OPTIMIZATION_LEVEL = 0;
				GCC_PREPROCESSOR_DEFINITIONS = (
					"DEBUG=1",
					"$(inherited)",
				);
				GCC_WARN_64_TO_32_BIT_CONVERSION = YES;
				GCC_WARN_ABOUT_RETURN_TYPE = YES_ERROR;
				GCC_WARN_UNDECLARED_SELECTOR = YES;
				GCC_WARN_UNINITIALIZED_AUTOS = YES_AGGRESSIVE;
				GCC_WARN_UNUSED_FUNCTION = YES;
				GCC_WARN_UNUSED_VARIABLE = YES;
				IPHONEOS_DEPLOYMENT_TARGET = 12.1;
				MTL_ENABLE_DEBUG_INFO = INCLUDE_SOURCE;
				MTL_FAST_MATH = YES;
				ONLY_ACTIVE_ARCH = YES;
				SDKROOT = iphoneos;
				SWIFT_ACTIVE_COMPILATION_CONDITIONS = DEBUG;
				SWIFT_OPTIMIZATION_LEVEL = "-Onone";
			};
			name = Debug;
		};
		7456651822218B72003EBEDC /* Release */ = {
			isa = XCBuildConfiguration;
			buildSettings = {
				ALWAYS_SEARCH_USER_PATHS = NO;
				CLANG_ANALYZER_NONNULL = YES;
				CLANG_ANALYZER_NUMBER_OBJECT_CONVERSION = YES_AGGRESSIVE;
				CLANG_CXX_LANGUAGE_STANDARD = "gnu++14";
				CLANG_CXX_LIBRARY = "libc++";
				CLANG_ENABLE_MODULES = YES;
				CLANG_ENABLE_OBJC_ARC = YES;
				CLANG_ENABLE_OBJC_WEAK = YES;
				CLANG_WARN_BLOCK_CAPTURE_AUTORELEASING = YES;
				CLANG_WARN_BOOL_CONVERSION = YES;
				CLANG_WARN_COMMA = YES;
				CLANG_WARN_CONSTANT_CONVERSION = YES;
				CLANG_WARN_DEPRECATED_OBJC_IMPLEMENTATIONS = YES;
				CLANG_WARN_DIRECT_OBJC_ISA_USAGE = YES_ERROR;
				CLANG_WARN_DOCUMENTATION_COMMENTS = YES;
				CLANG_WARN_EMPTY_BODY = YES;
				CLANG_WARN_ENUM_CONVERSION = YES;
				CLANG_WARN_INFINITE_RECURSION = YES;
				CLANG_WARN_INT_CONVERSION = YES;
				CLANG_WARN_NON_LITERAL_NULL_CONVERSION = YES;
				CLANG_WARN_OBJC_IMPLICIT_RETAIN_SELF = YES;
				CLANG_WARN_OBJC_LITERAL_CONVERSION = YES;
				CLANG_WARN_OBJC_ROOT_CLASS = YES_ERROR;
				CLANG_WARN_RANGE_LOOP_ANALYSIS = YES;
				CLANG_WARN_STRICT_PROTOTYPES = YES;
				CLANG_WARN_SUSPICIOUS_MOVE = YES;
				CLANG_WARN_UNGUARDED_AVAILABILITY = YES_AGGRESSIVE;
				CLANG_WARN_UNREACHABLE_CODE = YES;
				CLANG_WARN__DUPLICATE_METHOD_MATCH = YES;
				CODE_SIGN_IDENTITY = "iPhone Developer";
				COPY_PHASE_STRIP = NO;
				DEBUG_INFORMATION_FORMAT = "dwarf-with-dsym";
				ENABLE_NS_ASSERTIONS = NO;
				ENABLE_STRICT_OBJC_MSGSEND = YES;
				GCC_C_LANGUAGE_STANDARD = gnu11;
				GCC_NO_COMMON_BLOCKS = YES;
				GCC_WARN_64_TO_32_BIT_CONVERSION = YES;
				GCC_WARN_ABOUT_RETURN_TYPE = YES_ERROR;
				GCC_WARN_UNDECLARED_SELECTOR = YES;
				GCC_WARN_UNINITIALIZED_AUTOS = YES_AGGRESSIVE;
				GCC_WARN_UNUSED_FUNCTION = YES;
				GCC_WARN_UNUSED_VARIABLE = YES;
				IPHONEOS_DEPLOYMENT_TARGET = 12.1;
				MTL_ENABLE_DEBUG_INFO = NO;
				MTL_FAST_MATH = YES;
				SDKROOT = iphoneos;
				SWIFT_COMPILATION_MODE = wholemodule;
				SWIFT_OPTIMIZATION_LEVEL = "-O";
				VALIDATE_PRODUCT = YES;
			};
			name = Release;
		};
		7456651A22218B72003EBEDC /* Debug */ = {
			isa = XCBuildConfiguration;
			buildSettings = {
				ASSETCATALOG_COMPILER_APPICON_NAME = AppIcon;
				CODE_SIGN_STYLE = Automatic;
				DEVELOPMENT_TEAM = 247V527KAQ;
				INFOPLIST_FILE = ChromaKey002/Info.plist;
				LD_RUNPATH_SEARCH_PATHS = (
					"$(inherited)",
					"@executable_path/Frameworks",
				);
				PRODUCT_BUNDLE_IDENTIFIER = tokyo.shmdevelopment.ChromaKey002;
				PRODUCT_NAME = "$(TARGET_NAME)";
				SWIFT_VERSION = 4.2;
				TARGETED_DEVICE_FAMILY = "1,2";
			};
			name = Debug;
		};
		7456651B22218B72003EBEDC /* Release */ = {
			isa = XCBuildConfiguration;
			buildSettings = {
				ASSETCATALOG_COMPILER_APPICON_NAME = AppIcon;
				CODE_SIGN_STYLE = Automatic;
				DEVELOPMENT_TEAM = 247V527KAQ;
				INFOPLIST_FILE = ChromaKey002/Info.plist;
				LD_RUNPATH_SEARCH_PATHS = (
					"$(inherited)",
					"@executable_path/Frameworks",
				);
				PRODUCT_BUNDLE_IDENTIFIER = tokyo.shmdevelopment.ChromaKey002;
				PRODUCT_NAME = "$(TARGET_NAME)";
				SWIFT_VERSION = 4.2;
				TARGETED_DEVICE_FAMILY = "1,2";
			};
			name = Release;
		};
/* End XCBuildConfiguration section */

/* Begin XCConfigurationList section */
		7456650222218B6F003EBEDC /* Build configuration list for PBXProject "ChromaKey002" */ = {
			isa = XCConfigurationList;
			buildConfigurations = (
				7456651722218B72003EBEDC /* Debug */,
				7456651822218B72003EBEDC /* Release */,
			);
			defaultConfigurationIsVisible = 0;
			defaultConfigurationName = Release;
		};
		7456651922218B72003EBEDC /* Build configuration list for PBXNativeTarget "ChromaKey002" */ = {
			isa = XCConfigurationList;
			buildConfigurations = (
				7456651A22218B72003EBEDC /* Debug */,
				7456651B22218B72003EBEDC /* Release */,
			);
			defaultConfigurationIsVisible = 0;
			defaultConfigurationName = Release;
		};
/* End XCConfigurationList section */
	};
	rootObject = 745664FF22218B6F003EBEDC /* Project object */;
}
